
Microsoft Visual Studio Solution File, Format Version 12.00
# Visual Studio Version 16
VisualStudioVersion = 16.0.30907.101
MinimumVisualStudioVersion = 10.0.40219.1
Project("{FAE04EC0-301F-11D3-BF4B-00C04F79EFBC}") = "MysteryData.Core", "MysteryData.Core\MysteryData.Core.csproj", "{D3CD64D7-868A-48ED-8578-9FBAE488DE04}"
EndProject
Global
	GlobalSection(SolutionConfigurationPlatforms) = preSolution
		Debug|Any CPU = Debug|Any CPU
		Release|Any CPU = Release|Any CPU
	EndGlobalSection
	GlobalSection(ProjectConfigurationPlatforms) = postSolution
		{D3CD64D7-868A-48ED-8578-9FBAE488DE04}.Debug|Any CPU.ActiveCfg = Debug|Any CPU
		{D3CD64D7-868A-48ED-8578-9FBAE488DE04}.Debug|Any CPU.Build.0 = Debug|Any CPU
		{D3CD64D7-868A-48ED-8578-9FBAE488DE04}.Release|Any CPU.ActiveCfg = Release|Any CPU
		{D3CD64D7-868A-48ED-8578-9FBAE488DE04}.Release|Any CPU.Build.0 = Release|Any CPU
	EndGlobalSection
	GlobalSection(SolutionProperties) = preSolution
		HideSolutionNode = FALSE
	EndGlobalSection
	GlobalSection(ExtensibilityGlobals) = postSolution
		SolutionGuid = {69EC0689-E17E-4A46-A230-2028970FAA15}
	EndGlobalSection
EndGlobal
